
Microsoft Visual Studio Solution File, Format Version 12.00
# Visual Studio Version 17
VisualStudioVersion = 17.3.32922.545
MinimumVisualStudioVersion = 10.0.40219.1
Project("{9A19103F-16F7-4668-BE54-9A1E7A4F7556}") = "RentCars.Api", "RentCars\RentCars.Api.csproj", "{A0B6DA72-9ACD-404A-B4E2-168285932E17}"
EndProject
Project("{9A19103F-16F7-4668-BE54-9A1E7A4F7556}") = "UnitTest", "UnitTest\UnitTest.csproj", "{6E6C582E-5A50-4C64-8B93-A79541BCE3E0}"
EndProject
Project("{FAE04EC0-301F-11D3-BF4B-00C04F79EFBC}") = "RentCars.Core", "RentCars.Core\RentCars.Core.csproj", "{20993811-224B-4C1E-81AE-F59074252E9D}"
EndProject
Project("{FAE04EC0-301F-11D3-BF4B-00C04F79EFBC}") = "RentCars.Data", "RentCars.Data\RentCars.Data.csproj", "{48CC49E7-1067-4978-A333-5652739B6A0C}"
EndProject
Project("{FAE04EC0-301F-11D3-BF4B-00C04F79EFBC}") = "RentCars.Service", "RentCars.Service\RentCars.Service.csproj", "{1EA2FC4F-CAFC-4706-B8C1-D2B267CD24F5}"
EndProject
Global
	GlobalSection(SolutionConfigurationPlatforms) = preSolution
		Debug|Any CPU = Debug|Any CPU
		Release|Any CPU = Release|Any CPU
	EndGlobalSection
	GlobalSection(ProjectConfigurationPlatforms) = postSolution
		{A0B6DA72-9ACD-404A-B4E2-168285932E17}.Debug|Any CPU.ActiveCfg = Debug|Any CPU
		{A0B6DA72-9ACD-404A-B4E2-168285932E17}.Debug|Any CPU.Build.0 = Debug|Any CPU
		{A0B6DA72-9ACD-404A-B4E2-168285932E17}.Release|Any CPU.ActiveCfg = Release|Any CPU
		{A0B6DA72-9ACD-404A-B4E2-168285932E17}.Release|Any CPU.Build.0 = Release|Any CPU
		{6E6C582E-5A50-4C64-8B93-A79541BCE3E0}.Debug|Any CPU.ActiveCfg = Debug|Any CPU
		{6E6C582E-5A50-4C64-8B93-A79541BCE3E0}.Debug|Any CPU.Build.0 = Debug|Any CPU
		{6E6C582E-5A50-4C64-8B93-A79541BCE3E0}.Release|Any CPU.ActiveCfg = Release|Any CPU
		{6E6C582E-5A50-4C64-8B93-A79541BCE3E0}.Release|Any CPU.Build.0 = Release|Any CPU
		{20993811-224B-4C1E-81AE-F59074252E9D}.Debug|Any CPU.ActiveCfg = Debug|Any CPU
		{20993811-224B-4C1E-81AE-F59074252E9D}.Debug|Any CPU.Build.0 = Debug|Any CPU
		{20993811-224B-4C1E-81AE-F59074252E9D}.Release|Any CPU.ActiveCfg = Release|Any CPU
		{20993811-224B-4C1E-81AE-F59074252E9D}.Release|Any CPU.Build.0 = Release|Any CPU
		{48CC49E7-1067-4978-A333-5652739B6A0C}.Debug|Any CPU.ActiveCfg = Debug|Any CPU
		{48CC49E7-1067-4978-A333-5652739B6A0C}.Debug|Any CPU.Build.0 = Debug|Any CPU
		{48CC49E7-1067-4978-A333-5652739B6A0C}.Release|Any CPU.ActiveCfg = Release|Any CPU
		{48CC49E7-1067-4978-A333-5652739B6A0C}.Release|Any CPU.Build.0 = Release|Any CPU
		{1EA2FC4F-CAFC-4706-B8C1-D2B267CD24F5}.Debug|Any CPU.ActiveCfg = Debug|Any CPU
		{1EA2FC4F-CAFC-4706-B8C1-D2B267CD24F5}.Debug|Any CPU.Build.0 = Debug|Any CPU
		{1EA2FC4F-CAFC-4706-B8C1-D2B267CD24F5}.Release|Any CPU.ActiveCfg = Release|Any CPU
		{1EA2FC4F-CAFC-4706-B8C1-D2B267CD24F5}.Release|Any CPU.Build.0 = Release|Any CPU
	EndGlobalSection
	GlobalSection(SolutionProperties) = preSolution
		HideSolutionNode = FALSE
	EndGlobalSection
	GlobalSection(ExtensibilityGlobals) = postSolution
		SolutionGuid = {0BF9978B-E729-422F-8B1E-2DA6E3252CA8}
	EndGlobalSection
EndGlobal
